
Microsoft Visual Studio Solution File, Format Version 12.00
# Visual Studio Version 17
VisualStudioVersion = 17.5.002.0
MinimumVisualStudioVersion = 10.0.40219.1
Project("{9A19103F-16F7-4668-BE54-9A1E7A4F7556}") = "project_1", "project_1\project_1.csproj", "{D8A6852F-7CE2-495E-847A-D4A99F511FE3}"
EndProject
Global
	GlobalSection(SolutionConfigurationPlatforms) = preSolution
		Debug|Any CPU = Debug|Any CPU
		Release|Any CPU = Release|Any CPU
	EndGlobalSection
	GlobalSection(ProjectConfigurationPlatforms) = postSolution
		{D8A6852F-7CE2-495E-847A-D4A99F511FE3}.Debug|Any CPU.ActiveCfg = Debug|Any CPU
		{D8A6852F-7CE2-495E-847A-D4A99F511FE3}.Debug|Any CPU.Build.0 = Debug|Any CPU
		{D8A6852F-7CE2-495E-847A-D4A99F511FE3}.Release|Any CPU.ActiveCfg = Release|Any CPU
		{D8A6852F-7CE2-495E-847A-D4A99F511FE3}.Release|Any CPU.Build.0 = Release|Any CPU
	EndGlobalSection
	GlobalSection(SolutionProperties) = preSolution
		HideSolutionNode = FALSE
	EndGlobalSection
	GlobalSection(ExtensibilityGlobals) = postSolution
		SolutionGuid = {F69C5A17-AB8F-4745-8928-54B8AACF6365}
	EndGlobalSection
EndGlobal
